// !$*UTF8*$!
{
	archiveVersion = 1;
	classes = {
	};
	objectVersion = 56;
	objects = {

/* Begin PBXBuildFile section */
		E50116F82B76E7BC00E00E5D /* Nice_PlacesApp.swift in Sources */ = {isa = PBXBuildFile; fileRef = E50116F72B76E7BC00E00E5D /* Nice_PlacesApp.swift */; };
		E50116FA2B76E7BC00E00E5D /* NicePlacesView.swift in Sources */ = {isa = PBXBuildFile; fileRef = E50116F92B76E7BC00E00E5D /* NicePlacesView.swift */; };
		E50116FC2B76E7BC00E00E5D /* Assets.xcassets in Resources */ = {isa = PBXBuildFile; fileRef = E50116FB2B76E7BC00E00E5D /* Assets.xcassets */; };
		E50116FF2B76E7BC00E00E5D /* Preview Assets.xcassets in Resources */ = {isa = PBXBuildFile; fileRef = E50116FE2B76E7BC00E00E5D /* Preview Assets.xcassets */; };
		E50117092B76E7BD00E00E5D /* Nice_PlacesTests.swift in Sources */ = {isa = PBXBuildFile; fileRef = E50117082B76E7BD00E00E5D /* Nice_PlacesTests.swift */; };
		E50117132B76E7BD00E00E5D /* Nice_PlacesUITests.swift in Sources */ = {isa = PBXBuildFile; fileRef = E50117122B76E7BD00E00E5D /* Nice_PlacesUITests.swift */; };
		E50117152B76E7BD00E00E5D /* Nice_PlacesUITestsLaunchTests.swift in Sources */ = {isa = PBXBuildFile; fileRef = E50117142B76E7BD00E00E5D /* Nice_PlacesUITestsLaunchTests.swift */; };
		E50117262B76E82F00E00E5D /* NewLocationView.swift in Sources */ = {isa = PBXBuildFile; fileRef = E50117252B76E82F00E00E5D /* NewLocationView.swift */; };
		E501172A2B7730C400E00E5D /* EditNewLocationSheet.swift in Sources */ = {isa = PBXBuildFile; fileRef = E50117292B7730C400E00E5D /* EditNewLocationSheet.swift */; };
		E564668A2B77BCBD004E055F /* DataController.swift in Sources */ = {isa = PBXBuildFile; fileRef = E56466892B77BCBD004E055F /* DataController.swift */; };
		E564668D2B77D1A4004E055F /* Icons.swift in Sources */ = {isa = PBXBuildFile; fileRef = E564668C2B77D1A4004E055F /* Icons.swift */; };
		E56466912B77F00F004E055F /* Place.swift in Sources */ = {isa = PBXBuildFile; fileRef = E56466902B77F00F004E055F /* Place.swift */; };
		E56466932B77F3F7004E055F /* PlaceView.swift in Sources */ = {isa = PBXBuildFile; fileRef = E56466922B77F3F7004E055F /* PlaceView.swift */; };
		E56466952B77F7E8004E055F /* PlaceItemView.swift in Sources */ = {isa = PBXBuildFile; fileRef = E56466942B77F7E8004E055F /* PlaceItemView.swift */; };
		E56466972B7852C6004E055F /* MapView.swift in Sources */ = {isa = PBXBuildFile; fileRef = E56466962B7852C6004E055F /* MapView.swift */; };
		E56528D72B890F4800292C26 /* IconSelector.swift in Sources */ = {isa = PBXBuildFile; fileRef = E56528D62B890F4800292C26 /* IconSelector.swift */; };
		E56528D92B8910C400292C26 /* SelectIconButton.swift in Sources */ = {isa = PBXBuildFile; fileRef = E56528D82B8910C400292C26 /* SelectIconButton.swift */; };
		E5A5E3E02B841FDB00DA4249 /* MarkersMapView.swift in Sources */ = {isa = PBXBuildFile; fileRef = E5A5E3DF2B841FDB00DA4249 /* MarkersMapView.swift */; };
		E5A5E3E22B8421B100DA4249 /* LocationsListView.swift in Sources */ = {isa = PBXBuildFile; fileRef = E5A5E3E12B8421B100DA4249 /* LocationsListView.swift */; };
		E5FF6EAC2B83F6E400555080 /* PlacesDataModel.swift in Sources */ = {isa = PBXBuildFile; fileRef = E5FF6EAB2B83F6E400555080 /* PlacesDataModel.swift */; };
/* End PBXBuildFile section */

/* Begin PBXContainerItemProxy section */
		E50117052B76E7BD00E00E5D /* PBXContainerItemProxy */ = {
			isa = PBXContainerItemProxy;
			containerPortal = E50116EC2B76E7BC00E00E5D /* Project object */;
			proxyType = 1;
			remoteGlobalIDString = E50116F32B76E7BC00E00E5D;
			remoteInfo = "Nice Places";
		};
		E501170F2B76E7BD00E00E5D /* PBXContainerItemProxy */ = {
			isa = PBXContainerItemProxy;
			containerPortal = E50116EC2B76E7BC00E00E5D /* Project object */;
			proxyType = 1;
			remoteGlobalIDString = E50116F32B76E7BC00E00E5D;
			remoteInfo = "Nice Places";
		};
/* End PBXContainerItemProxy section */

/* Begin PBXFileReference section */
		E50116F42B76E7BC00E00E5D /* Happy Places.app */ = {isa = PBXFileReference; explicitFileType = wrapper.application; includeInIndex = 0; path = "Happy Places.app"; sourceTree = BUILT_PRODUCTS_DIR; };
		E50116F72B76E7BC00E00E5D /* Nice_PlacesApp.swift */ = {isa = PBXFileReference; lastKnownFileType = sourcecode.swift; path = Nice_PlacesApp.swift; sourceTree = "<group>"; };
		E50116F92B76E7BC00E00E5D /* NicePlacesView.swift */ = {isa = PBXFileReference; lastKnownFileType = sourcecode.swift; path = NicePlacesView.swift; sourceTree = "<group>"; };
		E50116FB2B76E7BC00E00E5D /* Assets.xcassets */ = {isa = PBXFileReference; lastKnownFileType = folder.assetcatalog; path = Assets.xcassets; sourceTree = "<group>"; };
		E50116FE2B76E7BC00E00E5D /* Preview Assets.xcassets */ = {isa = PBXFileReference; lastKnownFileType = folder.assetcatalog; path = "Preview Assets.xcassets"; sourceTree = "<group>"; };
		E50117042B76E7BD00E00E5D /* Nice PlacesTests.xctest */ = {isa = PBXFileReference; explicitFileType = wrapper.cfbundle; includeInIndex = 0; path = "Nice PlacesTests.xctest"; sourceTree = BUILT_PRODUCTS_DIR; };
		E50117082B76E7BD00E00E5D /* Nice_PlacesTests.swift */ = {isa = PBXFileReference; lastKnownFileType = sourcecode.swift; path = Nice_PlacesTests.swift; sourceTree = "<group>"; };
		E501170E2B76E7BD00E00E5D /* Nice PlacesUITests.xctest */ = {isa = PBXFileReference; explicitFileType = wrapper.cfbundle; includeInIndex = 0; path = "Nice PlacesUITests.xctest"; sourceTree = BUILT_PRODUCTS_DIR; };
		E50117122B76E7BD00E00E5D /* Nice_PlacesUITests.swift */ = {isa = PBXFileReference; lastKnownFileType = sourcecode.swift; path = Nice_PlacesUITests.swift; sourceTree = "<group>"; };
		E50117142B76E7BD00E00E5D /* Nice_PlacesUITestsLaunchTests.swift */ = {isa = PBXFileReference; lastKnownFileType = sourcecode.swift; path = Nice_PlacesUITestsLaunchTests.swift; sourceTree = "<group>"; };
		E50117252B76E82F00E00E5D /* NewLocationView.swift */ = {isa = PBXFileReference; lastKnownFileType = sourcecode.swift; path = NewLocationView.swift; sourceTree = "<group>"; };
		E50117292B7730C400E00E5D /* EditNewLocationSheet.swift */ = {isa = PBXFileReference; lastKnownFileType = sourcecode.swift; path = EditNewLocationSheet.swift; sourceTree = "<group>"; };
		E56466892B77BCBD004E055F /* DataController.swift */ = {isa = PBXFileReference; lastKnownFileType = sourcecode.swift; path = DataController.swift; sourceTree = "<group>"; };
		E564668C2B77D1A4004E055F /* Icons.swift */ = {isa = PBXFileReference; lastKnownFileType = sourcecode.swift; path = Icons.swift; sourceTree = "<group>"; };
		E56466902B77F00F004E055F /* Place.swift */ = {isa = PBXFileReference; lastKnownFileType = sourcecode.swift; path = Place.swift; sourceTree = "<group>"; };
		E56466922B77F3F7004E055F /* PlaceView.swift */ = {isa = PBXFileReference; lastKnownFileType = sourcecode.swift; path = PlaceView.swift; sourceTree = "<group>"; };
		E56466942B77F7E8004E055F /* PlaceItemView.swift */ = {isa = PBXFileReference; lastKnownFileType = sourcecode.swift; path = PlaceItemView.swift; sourceTree = "<group>"; };
		E56466962B7852C6004E055F /* MapView.swift */ = {isa = PBXFileReference; lastKnownFileType = sourcecode.swift; path = MapView.swift; sourceTree = "<group>"; };
		E56528D62B890F4800292C26 /* IconSelector.swift */ = {isa = PBXFileReference; lastKnownFileType = sourcecode.swift; path = IconSelector.swift; sourceTree = "<group>"; };
		E56528D82B8910C400292C26 /* SelectIconButton.swift */ = {isa = PBXFileReference; lastKnownFileType = sourcecode.swift; path = SelectIconButton.swift; sourceTree = "<group>"; };
		E56528DC2B8918F800292C26 /* Nice-Places-Info.plist */ = {isa = PBXFileReference; lastKnownFileType = text.plist.xml; path = "Nice-Places-Info.plist"; sourceTree = "<group>"; };
		E5875FD92C5841F9005CF4D1 /* .gitignore */ = {isa = PBXFileReference; lastKnownFileType = text; path = .gitignore; sourceTree = "<group>"; };
		E5875FDA2C5843EE005CF4D1 /* Happy Places.entitlements */ = {isa = PBXFileReference; lastKnownFileType = text.plist.entitlements; path = "Happy Places.entitlements"; sourceTree = "<group>"; };
		E5A5E3DF2B841FDB00DA4249 /* MarkersMapView.swift */ = {isa = PBXFileReference; lastKnownFileType = sourcecode.swift; path = MarkersMapView.swift; sourceTree = "<group>"; };
		E5A5E3E12B8421B100DA4249 /* LocationsListView.swift */ = {isa = PBXFileReference; lastKnownFileType = sourcecode.swift; path = LocationsListView.swift; sourceTree = "<group>"; };
		E5FF6EAB2B83F6E400555080 /* PlacesDataModel.swift */ = {isa = PBXFileReference; lastKnownFileType = sourcecode.swift; path = PlacesDataModel.swift; sourceTree = "<group>"; };
/* End PBXFileReference section */

/* Begin PBXFrameworksBuildPhase section */
		E50116F12B76E7BC00E00E5D /* Frameworks */ = {
			isa = PBXFrameworksBuildPhase;
			buildActionMask = 2147483647;
			files = (
			);
			runOnlyForDeploymentPostprocessing = 0;
		};
		E50117012B76E7BD00E00E5D /* Frameworks */ = {
			isa = PBXFrameworksBuildPhase;
			buildActionMask = 2147483647;
			files = (
			);
			runOnlyForDeploymentPostprocessing = 0;
		};
		E501170B2B76E7BD00E00E5D /* Frameworks */ = {
			isa = PBXFrameworksBuildPhase;
			buildActionMask = 2147483647;
			files = (
			);
			runOnlyForDeploymentPostprocessing = 0;
		};
/* End PBXFrameworksBuildPhase section */

/* Begin PBXGroup section */
		E50116EB2B76E7BC00E00E5D = {
			isa = PBXGroup;
			children = (
				E5875FDA2C5843EE005CF4D1 /* Happy Places.entitlements */,
				E5875FD92C5841F9005CF4D1 /* .gitignore */,
				E56528DC2B8918F800292C26 /* Nice-Places-Info.plist */,
				E50116F62B76E7BC00E00E5D /* Nice Places */,
				E50117072B76E7BD00E00E5D /* Nice PlacesTests */,
				E50117112B76E7BD00E00E5D /* Nice PlacesUITests */,
				E50116F52B76E7BC00E00E5D /* Products */,
			);
			sourceTree = "<group>";
		};
		E50116F52B76E7BC00E00E5D /* Products */ = {
			isa = PBXGroup;
			children = (
				E50116F42B76E7BC00E00E5D /* Happy Places.app */,
				E50117042B76E7BD00E00E5D /* Nice PlacesTests.xctest */,
				E501170E2B76E7BD00E00E5D /* Nice PlacesUITests.xctest */,
			);
			name = Products;
			sourceTree = "<group>";
		};
		E50116F62B76E7BC00E00E5D /* Nice Places */ = {
			isa = PBXGroup;
			children = (
				E564668B2B77D197004E055F /* Data */,
				E56466882B77BCAB004E055F /* Controller */,
				E56466822B77B7DF004E055F /* Models */,
				E50117282B7730AF00E00E5D /* Components */,
				E50117242B76E81C00E00E5D /* Views */,
				E50116F72B76E7BC00E00E5D /* Nice_PlacesApp.swift */,
				E50116F92B76E7BC00E00E5D /* NicePlacesView.swift */,
				E50116FB2B76E7BC00E00E5D /* Assets.xcassets */,
				E50116FD2B76E7BC00E00E5D /* Preview Content */,
			);
			path = "Nice Places";
			sourceTree = "<group>";
		};
		E50116FD2B76E7BC00E00E5D /* Preview Content */ = {
			isa = PBXGroup;
			children = (
				E50116FE2B76E7BC00E00E5D /* Preview Assets.xcassets */,
			);
			path = "Preview Content";
			sourceTree = "<group>";
		};
		E50117072B76E7BD00E00E5D /* Nice PlacesTests */ = {
			isa = PBXGroup;
			children = (
				E50117082B76E7BD00E00E5D /* Nice_PlacesTests.swift */,
			);
			path = "Nice PlacesTests";
			sourceTree = "<group>";
		};
		E50117112B76E7BD00E00E5D /* Nice PlacesUITests */ = {
			isa = PBXGroup;
			children = (
				E50117122B76E7BD00E00E5D /* Nice_PlacesUITests.swift */,
				E50117142B76E7BD00E00E5D /* Nice_PlacesUITestsLaunchTests.swift */,
			);
			path = "Nice PlacesUITests";
			sourceTree = "<group>";
		};
		E50117242B76E81C00E00E5D /* Views */ = {
			isa = PBXGroup;
			children = (
				E50117252B76E82F00E00E5D /* NewLocationView.swift */,
				E56466922B77F3F7004E055F /* PlaceView.swift */,
				E56466962B7852C6004E055F /* MapView.swift */,
				E5A5E3DF2B841FDB00DA4249 /* MarkersMapView.swift */,
				E5A5E3E12B8421B100DA4249 /* LocationsListView.swift */,
			);
			path = Views;
			sourceTree = "<group>";
		};
		E50117282B7730AF00E00E5D /* Components */ = {
			isa = PBXGroup;
			children = (
				E50117292B7730C400E00E5D /* EditNewLocationSheet.swift */,
				E56466942B77F7E8004E055F /* PlaceItemView.swift */,
				E56528D62B890F4800292C26 /* IconSelector.swift */,
				E56528D82B8910C400292C26 /* SelectIconButton.swift */,
			);
			path = Components;
			sourceTree = "<group>";
		};
		E56466822B77B7DF004E055F /* Models */ = {
			isa = PBXGroup;
			children = (
				E56466902B77F00F004E055F /* Place.swift */,
				E5FF6EAB2B83F6E400555080 /* PlacesDataModel.swift */,
			);
			path = Models;
			sourceTree = "<group>";
		};
		E56466882B77BCAB004E055F /* Controller */ = {
			isa = PBXGroup;
			children = (
				E56466892B77BCBD004E055F /* DataController.swift */,
			);
			path = Controller;
			sourceTree = "<group>";
		};
		E564668B2B77D197004E055F /* Data */ = {
			isa = PBXGroup;
			children = (
				E564668C2B77D1A4004E055F /* Icons.swift */,
			);
			path = Data;
			sourceTree = "<group>";
		};
/* End PBXGroup section */

/* Begin PBXNativeTarget section */
		E50116F32B76E7BC00E00E5D /* Happy Places */ = {
			isa = PBXNativeTarget;
			buildConfigurationList = E50117182B76E7BD00E00E5D /* Build configuration list for PBXNativeTarget "Happy Places" */;
			buildPhases = (
				E50116F02B76E7BC00E00E5D /* Sources */,
				E50116F12B76E7BC00E00E5D /* Frameworks */,
				E50116F22B76E7BC00E00E5D /* Resources */,
			);
			buildRules = (
			);
			dependencies = (
			);
			name = "Happy Places";
			productName = "Nice Places";
			productReference = E50116F42B76E7BC00E00E5D /* Happy Places.app */;
			productType = "com.apple.product-type.application";
		};
		E50117032B76E7BD00E00E5D /* Nice PlacesTests */ = {
			isa = PBXNativeTarget;
			buildConfigurationList = E501171B2B76E7BD00E00E5D /* Build configuration list for PBXNativeTarget "Nice PlacesTests" */;
			buildPhases = (
				E50117002B76E7BD00E00E5D /* Sources */,
				E50117012B76E7BD00E00E5D /* Frameworks */,
				E50117022B76E7BD00E00E5D /* Resources */,
			);
			buildRules = (
			);
			dependencies = (
				E50117062B76E7BD00E00E5D /* PBXTargetDependency */,
			);
			name = "Nice PlacesTests";
			productName = "Nice PlacesTests";
			productReference = E50117042B76E7BD00E00E5D /* Nice PlacesTests.xctest */;
			productType = "com.apple.product-type.bundle.unit-test";
		};
		E501170D2B76E7BD00E00E5D /* Nice PlacesUITests */ = {
			isa = PBXNativeTarget;
			buildConfigurationList = E501171E2B76E7BD00E00E5D /* Build configuration list for PBXNativeTarget "Nice PlacesUITests" */;
			buildPhases = (
				E501170A2B76E7BD00E00E5D /* Sources */,
				E501170B2B76E7BD00E00E5D /* Frameworks */,
				E501170C2B76E7BD00E00E5D /* Resources */,
			);
			buildRules = (
			);
			dependencies = (
				E50117102B76E7BD00E00E5D /* PBXTargetDependency */,
			);
			name = "Nice PlacesUITests";
			productName = "Nice PlacesUITests";
			productReference = E501170E2B76E7BD00E00E5D /* Nice PlacesUITests.xctest */;
			productType = "com.apple.product-type.bundle.ui-testing";
		};
/* End PBXNativeTarget section */

/* Begin PBXProject section */
		E50116EC2B76E7BC00E00E5D /* Project object */ = {
			isa = PBXProject;
			attributes = {
				BuildIndependentTargetsInParallel = 1;
				LastSwiftUpdateCheck = 1520;
				LastUpgradeCheck = 1520;
				TargetAttributes = {
					E50116F32B76E7BC00E00E5D = {
						CreatedOnToolsVersion = 15.2;
					};
					E50117032B76E7BD00E00E5D = {
						CreatedOnToolsVersion = 15.2;
						TestTargetID = E50116F32B76E7BC00E00E5D;
					};
					E501170D2B76E7BD00E00E5D = {
						CreatedOnToolsVersion = 15.2;
						TestTargetID = E50116F32B76E7BC00E00E5D;
					};
				};
			};
			buildConfigurationList = E50116EF2B76E7BC00E00E5D /* Build configuration list for PBXProject "Nice Places" */;
			compatibilityVersion = "Xcode 14.0";
			developmentRegion = en;
			hasScannedForEncodings = 0;
			knownRegions = (
				en,
				Base,
			);
			mainGroup = E50116EB2B76E7BC00E00E5D;
			productRefGroup = E50116F52B76E7BC00E00E5D /* Products */;
			projectDirPath = "";
			projectRoot = "";
			targets = (
				E50116F32B76E7BC00E00E5D /* Happy Places */,
				E50117032B76E7BD00E00E5D /* Nice PlacesTests */,
				E501170D2B76E7BD00E00E5D /* Nice PlacesUITests */,
			);
		};
/* End PBXProject section */

/* Begin PBXResourcesBuildPhase section */
		E50116F22B76E7BC00E00E5D /* Resources */ = {
			isa = PBXResourcesBuildPhase;
			buildActionMask = 2147483647;
			files = (
				E50116FF2B76E7BC00E00E5D /* Preview Assets.xcassets in Resources */,
				E50116FC2B76E7BC00E00E5D /* Assets.xcassets in Resources */,
			);
			runOnlyForDeploymentPostprocessing = 0;
		};
		E50117022B76E7BD00E00E5D /* Resources */ = {
			isa = PBXResourcesBuildPhase;
			buildActionMask = 2147483647;
			files = (
			);
			runOnlyForDeploymentPostprocessing = 0;
		};
		E501170C2B76E7BD00E00E5D /* Resources */ = {
			isa = PBXResourcesBuildPhase;
			buildActionMask = 2147483647;
			files = (
			);
			runOnlyForDeploymentPostprocessing = 0;
		};
/* End PBXResourcesBuildPhase section */

/* Begin PBXSourcesBuildPhase section */
		E50116F02B76E7BC00E00E5D /* Sources */ = {
			isa = PBXSourcesBuildPhase;
			buildActionMask = 2147483647;
			files = (
				E564668D2B77D1A4004E055F /* Icons.swift in Sources */,
				E5A5E3E22B8421B100DA4249 /* LocationsListView.swift in Sources */,
				E564668A2B77BCBD004E055F /* DataController.swift in Sources */,
				E56466972B7852C6004E055F /* MapView.swift in Sources */,
				E56466952B77F7E8004E055F /* PlaceItemView.swift in Sources */,
				E56466932B77F3F7004E055F /* PlaceView.swift in Sources */,
				E50116FA2B76E7BC00E00E5D /* NicePlacesView.swift in Sources */,
				E5FF6EAC2B83F6E400555080 /* PlacesDataModel.swift in Sources */,
				E50117262B76E82F00E00E5D /* NewLocationView.swift in Sources */,
				E56528D92B8910C400292C26 /* SelectIconButton.swift in Sources */,
				E56466912B77F00F004E055F /* Place.swift in Sources */,
				E5A5E3E02B841FDB00DA4249 /* MarkersMapView.swift in Sources */,
				E50116F82B76E7BC00E00E5D /* Nice_PlacesApp.swift in Sources */,
				E501172A2B7730C400E00E5D /* EditNewLocationSheet.swift in Sources */,
				E56528D72B890F4800292C26 /* IconSelector.swift in Sources */,
			);
			runOnlyForDeploymentPostprocessing = 0;
		};
		E50117002B76E7BD00E00E5D /* Sources */ = {
			isa = PBXSourcesBuildPhase;
			buildActionMask = 2147483647;
			files = (
				E50117092B76E7BD00E00E5D /* Nice_PlacesTests.swift in Sources */,
			);
			runOnlyForDeploymentPostprocessing = 0;
		};
		E501170A2B76E7BD00E00E5D /* Sources */ = {
			isa = PBXSourcesBuildPhase;
			buildActionMask = 2147483647;
			files = (
				E50117132B76E7BD00E00E5D /* Nice_PlacesUITests.swift in Sources */,
				E50117152B76E7BD00E00E5D /* Nice_PlacesUITestsLaunchTests.swift in Sources */,
			);
			runOnlyForDeploymentPostprocessing = 0;
		};
/* End PBXSourcesBuildPhase section */

/* Begin PBXTargetDependency section */
		E50117062B76E7BD00E00E5D /* PBXTargetDependency */ = {
			isa = PBXTargetDependency;
			target = E50116F32B76E7BC00E00E5D /* Happy Places */;
			targetProxy = E50117052B76E7BD00E00E5D /* PBXContainerItemProxy */;
		};
		E50117102B76E7BD00E00E5D /* PBXTargetDependency */ = {
			isa = PBXTargetDependency;
			target = E50116F32B76E7BC00E00E5D /* Happy Places */;
			targetProxy = E501170F2B76E7BD00E00E5D /* PBXContainerItemProxy */;
		};
/* End PBXTargetDependency section */

/* Begin XCBuildConfiguration section */
		E50117162B76E7BD00E00E5D /* Debug */ = {
			isa = XCBuildConfiguration;
			buildSettings = {
				ALWAYS_SEARCH_USER_PATHS = NO;
				ASSETCATALOG_COMPILER_GENERATE_SWIFT_ASSET_SYMBOL_EXTENSIONS = YES;
				CLANG_ANALYZER_NONNULL = YES;
				CLANG_ANALYZER_NUMBER_OBJECT_CONVERSION = YES_AGGRESSIVE;
				CLANG_CXX_LANGUAGE_STANDARD = "gnu++20";
				CLANG_ENABLE_MODULES = YES;
				CLANG_ENABLE_OBJC_ARC = YES;
				CLANG_ENABLE_OBJC_WEAK = YES;
				CLANG_WARN_BLOCK_CAPTURE_AUTORELEASING = YES;
				CLANG_WARN_BOOL_CONVERSION = YES;
				CLANG_WARN_COMMA = YES;
				CLANG_WARN_CONSTANT_CONVERSION = YES;
				CLANG_WARN_DEPRECATED_OBJC_IMPLEMENTATIONS = YES;
				CLANG_WARN_DIRECT_OBJC_ISA_USAGE = YES_ERROR;
				CLANG_WARN_DOCUMENTATION_COMMENTS = YES;
				CLANG_WARN_EMPTY_BODY = YES;
				CLANG_WARN_ENUM_CONVERSION = YES;
				CLANG_WARN_INFINITE_RECURSION = YES;
				CLANG_WARN_INT_CONVERSION = YES;
				CLANG_WARN_NON_LITERAL_NULL_CONVERSION = YES;
				CLANG_WARN_OBJC_IMPLICIT_RETAIN_SELF = YES;
				CLANG_WARN_OBJC_LITERAL_CONVERSION = YES;
				CLANG_WARN_OBJC_ROOT_CLASS = YES_ERROR;
				CLANG_WARN_QUOTED_INCLUDE_IN_FRAMEWORK_HEADER = YES;
				CLANG_WARN_RANGE_LOOP_ANALYSIS = YES;
				CLANG_WARN_STRICT_PROTOTYPES = YES;
				CLANG_WARN_SUSPICIOUS_MOVE = YES;
				CLANG_WARN_UNGUARDED_AVAILABILITY = YES_AGGRESSIVE;
				CLANG_WARN_UNREACHABLE_CODE = YES;
				CLANG_WARN__DUPLICATE_METHOD_MATCH = YES;
				COPY_PHASE_STRIP = NO;
				DEBUG_INFORMATION_FORMAT = dwarf;
				ENABLE_STRICT_OBJC_MSGSEND = YES;
				ENABLE_TESTABILITY = YES;
				ENABLE_USER_SCRIPT_SANDBOXING = YES;
				GCC_C_LANGUAGE_STANDARD = gnu17;
				GCC_DYNAMIC_NO_PIC = NO;
				GCC_NO_COMMON_BLOCKS = YES;
				GCC_OPTIMIZATION_LEVEL = 0;
				GCC_PREPROCESSOR_DEFINITIONS = (
					"DEBUG=1",
					"$(inherited)",
				);
				GCC_WARN_64_TO_32_BIT_CONVERSION = YES;
				GCC_WARN_ABOUT_RETURN_TYPE = YES_ERROR;
				GCC_WARN_UNDECLARED_SELECTOR = YES;
				GCC_WARN_UNINITIALIZED_AUTOS = YES_AGGRESSIVE;
				GCC_WARN_UNUSED_FUNCTION = YES;
				GCC_WARN_UNUSED_VARIABLE = YES;
				IPHONEOS_DEPLOYMENT_TARGET = 17.0;
				LOCALIZATION_PREFERS_STRING_CATALOGS = YES;
				MTL_ENABLE_DEBUG_INFO = INCLUDE_SOURCE;
				MTL_FAST_MATH = YES;
				ONLY_ACTIVE_ARCH = YES;
				SDKROOT = iphoneos;
				SWIFT_ACTIVE_COMPILATION_CONDITIONS = "DEBUG $(inherited)";
				SWIFT_OPTIMIZATION_LEVEL = "-Onone";
			};
			name = Debug;
		};
		E50117172B76E7BD00E00E5D /* Release */ = {
			isa = XCBuildConfiguration;
			buildSettings = {
				ALWAYS_SEARCH_USER_PATHS = NO;
				ASSETCATALOG_COMPILER_GENERATE_SWIFT_ASSET_SYMBOL_EXTENSIONS = YES;
				CLANG_ANALYZER_NONNULL = YES;
				CLANG_ANALYZER_NUMBER_OBJECT_CONVERSION = YES_AGGRESSIVE;
				CLANG_CXX_LANGUAGE_STANDARD = "gnu++20";
				CLANG_ENABLE_MODULES = YES;
				CLANG_ENABLE_OBJC_ARC = YES;
				CLANG_ENABLE_OBJC_WEAK = YES;
				CLANG_WARN_BLOCK_CAPTURE_AUTORELEASING = YES;
				CLANG_WARN_BOOL_CONVERSION = YES;
				CLANG_WARN_COMMA = YES;
				CLANG_WARN_CONSTANT_CONVERSION = YES;
				CLANG_WARN_DEPRECATED_OBJC_IMPLEMENTATIONS = YES;
				CLANG_WARN_DIRECT_OBJC_ISA_USAGE = YES_ERROR;
				CLANG_WARN_DOCUMENTATION_COMMENTS = YES;
				CLANG_WARN_EMPTY_BODY = YES;
				CLANG_WARN_ENUM_CONVERSION = YES;
				CLANG_WARN_INFINITE_RECURSION = YES;
				CLANG_WARN_INT_CONVERSION = YES;
				CLANG_WARN_NON_LITERAL_NULL_CONVERSION = YES;
				CLANG_WARN_OBJC_IMPLICIT_RETAIN_SELF = YES;
				CLANG_WARN_OBJC_LITERAL_CONVERSION = YES;
				CLANG_WARN_OBJC_ROOT_CLASS = YES_ERROR;
				CLANG_WARN_QUOTED_INCLUDE_IN_FRAMEWORK_HEADER = YES;
				CLANG_WARN_RANGE_LOOP_ANALYSIS = YES;
				CLANG_WARN_STRICT_PROTOTYPES = YES;
				CLANG_WARN_SUSPICIOUS_MOVE = YES;
				CLANG_WARN_UNGUARDED_AVAILABILITY = YES_AGGRESSIVE;
				CLANG_WARN_UNREACHABLE_CODE = YES;
				CLANG_WARN__DUPLICATE_METHOD_MATCH = YES;
				COPY_PHASE_STRIP = NO;
				DEBUG_INFORMATION_FORMAT = "dwarf-with-dsym";
				ENABLE_NS_ASSERTIONS = NO;
				ENABLE_STRICT_OBJC_MSGSEND = YES;
				ENABLE_USER_SCRIPT_SANDBOXING = YES;
				GCC_C_LANGUAGE_STANDARD = gnu17;
				GCC_NO_COMMON_BLOCKS = YES;
				GCC_WARN_64_TO_32_BIT_CONVERSION = YES;
				GCC_WARN_ABOUT_RETURN_TYPE = YES_ERROR;
				GCC_WARN_UNDECLARED_SELECTOR = YES;
				GCC_WARN_UNINITIALIZED_AUTOS = YES_AGGRESSIVE;
				GCC_WARN_UNUSED_FUNCTION = YES;
				GCC_WARN_UNUSED_VARIABLE = YES;
				IPHONEOS_DEPLOYMENT_TARGET = 17.0;
				LOCALIZATION_PREFERS_STRING_CATALOGS = YES;
				MTL_ENABLE_DEBUG_INFO = NO;
				MTL_FAST_MATH = YES;
				SDKROOT = iphoneos;
				SWIFT_COMPILATION_MODE = wholemodule;
				VALIDATE_PRODUCT = YES;
			};
			name = Release;
		};
		E50117192B76E7BD00E00E5D /* Debug */ = {
			isa = XCBuildConfiguration;
			buildSettings = {
				ASSETCATALOG_COMPILER_APPICON_NAME = AppIcon;
				ASSETCATALOG_COMPILER_GLOBAL_ACCENT_COLOR_NAME = AccentColor;
				CODE_SIGN_ENTITLEMENTS = "Happy Places.entitlements";
				CODE_SIGN_STYLE = Automatic;
				CURRENT_PROJECT_VERSION = 1;
				DEVELOPMENT_ASSET_PATHS = "\"Nice Places/Preview Content\"";
				DEVELOPMENT_TEAM = TSP733L3T9;
				ENABLE_PREVIEWS = YES;
				GENERATE_INFOPLIST_FILE = YES;
				INFOPLIST_FILE = "Nice-Places-Info.plist";
				INFOPLIST_KEY_CFBundleDisplayName = "Happy Places";
				INFOPLIST_KEY_LSApplicationCategoryType = "public.app-category.utilities";
				INFOPLIST_KEY_NSCameraUsageDescription = "The app let the user register photos of the place it wanna store";
				INFOPLIST_KEY_NSLocationWhenInUseUsageDescription = "The app let the user register places it has been";
				INFOPLIST_KEY_UIApplicationSceneManifest_Generation = YES;
				INFOPLIST_KEY_UIApplicationSupportsIndirectInputEvents = YES;
				INFOPLIST_KEY_UILaunchScreen_Generation = YES;
				INFOPLIST_KEY_UISupportedInterfaceOrientations = UIInterfaceOrientationPortrait;
				INFOPLIST_KEY_UISupportedInterfaceOrientations_iPad = "UIInterfaceOrientationLandscapeLeft UIInterfaceOrientationLandscapeRight UIInterfaceOrientationPortrait UIInterfaceOrientationPortraitUpsideDown";
				IPHONEOS_DEPLOYMENT_TARGET = 17.0;
				LD_RUNPATH_SEARCH_PATHS = (
					"$(inherited)",
					"@executable_path/Frameworks",
				);
				MARKETING_VERSION = 1.1;
				PRODUCT_BUNDLE_IDENTIFIER = "rojo.happy-places-moments";
				PRODUCT_NAME = "$(TARGET_NAME)";
				SUPPORTED_PLATFORMS = "iphoneos iphonesimulator";
				SUPPORTS_MACCATALYST = NO;
				SUPPORTS_MAC_DESIGNED_FOR_IPHONE_IPAD = NO;
				SUPPORTS_XR_DESIGNED_FOR_IPHONE_IPAD = NO;
				SWIFT_EMIT_LOC_STRINGS = YES;
				SWIFT_VERSION = 5.0;
				TARGETED_DEVICE_FAMILY = 1;
			};
			name = Debug;
		};
		E501171A2B76E7BD00E00E5D /* Release */ = {
			isa = XCBuildConfiguration;
			buildSettings = {
				ASSETCATALOG_COMPILER_APPICON_NAME = AppIcon;
				ASSETCATALOG_COMPILER_GLOBAL_ACCENT_COLOR_NAME = AccentColor;
				CODE_SIGN_ENTITLEMENTS = "Happy Places.entitlements";
				CODE_SIGN_STYLE = Automatic;
				CURRENT_PROJECT_VERSION = 1;
				DEVELOPMENT_ASSET_PATHS = "\"Nice Places/Preview Content\"";
				DEVELOPMENT_TEAM = TSP733L3T9;
				ENABLE_PREVIEWS = YES;
				GENERATE_INFOPLIST_FILE = YES;
				INFOPLIST_FILE = "Nice-Places-Info.plist";
				INFOPLIST_KEY_CFBundleDisplayName = "Happy Places";
				INFOPLIST_KEY_LSApplicationCategoryType = "public.app-category.utilities";
				INFOPLIST_KEY_NSCameraUsageDescription = "The app let the user register photos of the place it wanna store";
				INFOPLIST_KEY_NSLocationWhenInUseUsageDescription = "The app let the user register places it has been";
				INFOPLIST_KEY_UIApplicationSceneManifest_Generation = YES;
				INFOPLIST_KEY_UIApplicationSupportsIndirectInputEvents = YES;
				INFOPLIST_KEY_UILaunchScreen_Generation = YES;
				INFOPLIST_KEY_UISupportedInterfaceOrientations = UIInterfaceOrientationPortrait;
				INFOPLIST_KEY_UISupportedInterfaceOrientations_iPad = "UIInterfaceOrientationLandscapeLeft UIInterfaceOrientationLandscapeRight UIInterfaceOrientationPortrait UIInterfaceOrientationPortraitUpsideDown";
				IPHONEOS_DEPLOYMENT_TARGET = 17.0;
				LD_RUNPATH_SEARCH_PATHS = (
					"$(inherited)",
					"@executable_path/Frameworks",
				);
				MARKETING_VERSION = 1.1;
				PRODUCT_BUNDLE_IDENTIFIER = "rojo.happy-places-moments";
				PRODUCT_NAME = "$(TARGET_NAME)";
				SUPPORTED_PLATFORMS = "iphoneos iphonesimulator";
				SUPPORTS_MACCATALYST = NO;
				SUPPORTS_MAC_DESIGNED_FOR_IPHONE_IPAD = NO;
				SUPPORTS_XR_DESIGNED_FOR_IPHONE_IPAD = NO;
				SWIFT_EMIT_LOC_STRINGS = YES;
				SWIFT_VERSION = 5.0;
				TARGETED_DEVICE_FAMILY = 1;
			};
			name = Release;
		};
		E501171C2B76E7BD00E00E5D /* Debug */ = {
			isa = XCBuildConfiguration;
			buildSettings = {
				ALWAYS_EMBED_SWIFT_STANDARD_LIBRARIES = YES;
				BUNDLE_LOADER = "$(TEST_HOST)";
				CODE_SIGN_STYLE = Automatic;
				CURRENT_PROJECT_VERSION = 1;
				DEVELOPMENT_TEAM = F3V28L3PJH;
				GENERATE_INFOPLIST_FILE = YES;
				IPHONEOS_DEPLOYMENT_TARGET = 17.2;
				MARKETING_VERSION = 1.0;
				PRODUCT_BUNDLE_IDENTIFIER = "rojo.Nice-PlacesTests";
				PRODUCT_NAME = "$(TARGET_NAME)";
				SWIFT_EMIT_LOC_STRINGS = NO;
				SWIFT_VERSION = 5.0;
				TARGETED_DEVICE_FAMILY = "1,2";
				TEST_HOST = "$(BUILT_PRODUCTS_DIR)/Nice Places.app/$(BUNDLE_EXECUTABLE_FOLDER_PATH)/Nice Places";
			};
			name = Debug;
		};
		E501171D2B76E7BD00E00E5D /* Release */ = {
			isa = XCBuildConfiguration;
			buildSettings = {
				ALWAYS_EMBED_SWIFT_STANDARD_LIBRARIES = YES;
				BUNDLE_LOADER = "$(TEST_HOST)";
				CODE_SIGN_STYLE = Automatic;
				CURRENT_PROJECT_VERSION = 1;
				DEVELOPMENT_TEAM = F3V28L3PJH;
				GENERATE_INFOPLIST_FILE = YES;
				IPHONEOS_DEPLOYMENT_TARGET = 17.2;
				MARKETING_VERSION = 1.0;
				PRODUCT_BUNDLE_IDENTIFIER = "rojo.Nice-PlacesTests";
				PRODUCT_NAME = "$(TARGET_NAME)";
				SWIFT_EMIT_LOC_STRINGS = NO;
				SWIFT_VERSION = 5.0;
				TARGETED_DEVICE_FAMILY = "1,2";
				TEST_HOST = "$(BUILT_PRODUCTS_DIR)/Nice Places.app/$(BUNDLE_EXECUTABLE_FOLDER_PATH)/Nice Places";
			};
			name = Release;
		};
		E501171F2B76E7BD00E00E5D /* Debug */ = {
			isa = XCBuildConfiguration;
			buildSettings = {
				ALWAYS_EMBED_SWIFT_STANDARD_LIBRARIES = YES;
				CODE_SIGN_STYLE = Automatic;
				CURRENT_PROJECT_VERSION = 1;
				DEVELOPMENT_TEAM = F3V28L3PJH;
				GENERATE_INFOPLIST_FILE = YES;
				MARKETING_VERSION = 1.0;
				PRODUCT_BUNDLE_IDENTIFIER = "rojo.Nice-PlacesUITests";
				PRODUCT_NAME = "$(TARGET_NAME)";
				SWIFT_EMIT_LOC_STRINGS = NO;
				SWIFT_VERSION = 5.0;
				TARGETED_DEVICE_FAMILY = "1,2";
				TEST_TARGET_NAME = "Nice Places";
			};
			name = Debug;
		};
		E50117202B76E7BD00E00E5D /* Release */ = {
			isa = XCBuildConfiguration;
			buildSettings = {
				ALWAYS_EMBED_SWIFT_STANDARD_LIBRARIES = YES;
				CODE_SIGN_STYLE = Automatic;
				CURRENT_PROJECT_VERSION = 1;
				DEVELOPMENT_TEAM = F3V28L3PJH;
				GENERATE_INFOPLIST_FILE = YES;
				MARKETING_VERSION = 1.0;
				PRODUCT_BUNDLE_IDENTIFIER = "rojo.Nice-PlacesUITests";
				PRODUCT_NAME = "$(TARGET_NAME)";
				SWIFT_EMIT_LOC_STRINGS = NO;
				SWIFT_VERSION = 5.0;
				TARGETED_DEVICE_FAMILY = "1,2";
				TEST_TARGET_NAME = "Nice Places";
			};
			name = Release;
		};
/* End XCBuildConfiguration section */

/* Begin XCConfigurationList section */
		E50116EF2B76E7BC00E00E5D /* Build configuration list for PBXProject "Nice Places" */ = {
			isa = XCConfigurationList;
			buildConfigurations = (
				E50117162B76E7BD00E00E5D /* Debug */,
				E50117172B76E7BD00E00E5D /* Release */,
			);
			defaultConfigurationIsVisible = 0;
			defaultConfigurationName = Release;
		};
		E50117182B76E7BD00E00E5D /* Build configuration list for PBXNativeTarget "Happy Places" */ = {
			isa = XCConfigurationList;
			buildConfigurations = (
				E50117192B76E7BD00E00E5D /* Debug */,
				E501171A2B76E7BD00E00E5D /* Release */,
			);
			defaultConfigurationIsVisible = 0;
			defaultConfigurationName = Release;
		};
		E501171B2B76E7BD00E00E5D /* Build configuration list for PBXNativeTarget "Nice PlacesTests" */ = {
			isa = XCConfigurationList;
			buildConfigurations = (
				E501171C2B76E7BD00E00E5D /* Debug */,
				E501171D2B76E7BD00E00E5D /* Release */,
			);
			defaultConfigurationIsVisible = 0;
			defaultConfigurationName = Release;
		};
		E501171E2B76E7BD00E00E5D /* Build configuration list for PBXNativeTarget "Nice PlacesUITests" */ = {
			isa = XCConfigurationList;
			buildConfigurations = (
				E501171F2B76E7BD00E00E5D /* Debug */,
				E50117202B76E7BD00E00E5D /* Release */,
			);
			defaultConfigurationIsVisible = 0;
			defaultConfigurationName = Release;
		};
/* End XCConfigurationList section */
	};
	rootObject = E50116EC2B76E7BC00E00E5D /* Project object */;
}
